
Microsoft Visual Studio Solution File, Format Version 12.00
# Visual Studio Version 16
VisualStudioVersion = 16.0.31025.194
MinimumVisualStudioVersion = 10.0.40219.1
Project("{FAE04EC0-301F-11D3-BF4B-00C04F79EFBC}") = "prjReversingPuzzleSolver", "prjReversingPuzzleSolver\prjReversingPuzzleSolver.csproj", "{71AD2B48-A80A-4DAA-8B97-1CC691F7F649}"
EndProject
Global
	GlobalSection(SolutionConfigurationPlatforms) = preSolution
		Debug|Any CPU = Debug|Any CPU
		Release|Any CPU = Release|Any CPU
	EndGlobalSection
	GlobalSection(ProjectConfigurationPlatforms) = postSolution
		{71AD2B48-A80A-4DAA-8B97-1CC691F7F649}.Debug|Any CPU.ActiveCfg = Debug|Any CPU
		{71AD2B48-A80A-4DAA-8B97-1CC691F7F649}.Debug|Any CPU.Build.0 = Debug|Any CPU
		{71AD2B48-A80A-4DAA-8B97-1CC691F7F649}.Release|Any CPU.ActiveCfg = Release|Any CPU
		{71AD2B48-A80A-4DAA-8B97-1CC691F7F649}.Release|Any CPU.Build.0 = Release|Any CPU
	EndGlobalSection
	GlobalSection(SolutionProperties) = preSolution
		HideSolutionNode = FALSE
	EndGlobalSection
	GlobalSection(ExtensibilityGlobals) = postSolution
		SolutionGuid = {68DDC71A-9CC5-45B0-9B1B-FD6DBFE4B35C}
	EndGlobalSection
EndGlobal
